
Microsoft Visual Studio Solution File, Format Version 12.00
# Visual Studio 15
VisualStudioVersion = 15.0.28307.421
MinimumVisualStudioVersion = 10.0.40219.1
Project("{FAE04EC0-301F-11D3-BF4B-00C04F79EFBC}") = "DndApp", "DndApp\DndApp.csproj", "{A2B78549-6988-4F53-A2E0-1AE108963247}"
EndProject
Global
	GlobalSection(SolutionConfigurationPlatforms) = preSolution
		Debug|Any CPU = Debug|Any CPU
		Release|Any CPU = Release|Any CPU
	EndGlobalSection
	GlobalSection(ProjectConfigurationPlatforms) = postSolution
		{A2B78549-6988-4F53-A2E0-1AE108963247}.Debug|Any CPU.ActiveCfg = Debug|Any CPU
		{A2B78549-6988-4F53-A2E0-1AE108963247}.Debug|Any CPU.Build.0 = Debug|Any CPU
		{A2B78549-6988-4F53-A2E0-1AE108963247}.Release|Any CPU.ActiveCfg = Release|Any CPU
		{A2B78549-6988-4F53-A2E0-1AE108963247}.Release|Any CPU.Build.0 = Release|Any CPU
	EndGlobalSection
	GlobalSection(SolutionProperties) = preSolution
		HideSolutionNode = FALSE
	EndGlobalSection
	GlobalSection(ExtensibilityGlobals) = postSolution
		SolutionGuid = {FA5BC0C5-D16C-43B4-90EC-0BBBC53A6035}
	EndGlobalSection
EndGlobal
